
Microsoft Visual Studio Solution File, Format Version 12.00
# Visual Studio Version 17
VisualStudioVersion = 17.4.33103.184
MinimumVisualStudioVersion = 10.0.40219.1
Project("{FAE04EC0-301F-11D3-BF4B-00C04F79EFBC}") = "IMCcalculator", "IMCcalculator\IMCcalculator.csproj", "{94963560-5BF0-48D9-87B2-5E291F29EB55}"
EndProject
Global
	GlobalSection(SolutionConfigurationPlatforms) = preSolution
		Debug|Any CPU = Debug|Any CPU
		Release|Any CPU = Release|Any CPU
	EndGlobalSection
	GlobalSection(ProjectConfigurationPlatforms) = postSolution
		{94963560-5BF0-48D9-87B2-5E291F29EB55}.Debug|Any CPU.ActiveCfg = Debug|Any CPU
		{94963560-5BF0-48D9-87B2-5E291F29EB55}.Debug|Any CPU.Build.0 = Debug|Any CPU
		{94963560-5BF0-48D9-87B2-5E291F29EB55}.Release|Any CPU.ActiveCfg = Release|Any CPU
		{94963560-5BF0-48D9-87B2-5E291F29EB55}.Release|Any CPU.Build.0 = Release|Any CPU
	EndGlobalSection
	GlobalSection(SolutionProperties) = preSolution
		HideSolutionNode = FALSE
	EndGlobalSection
	GlobalSection(ExtensibilityGlobals) = postSolution
		SolutionGuid = {8747BDB6-EAAA-4982-A90A-DF46266B2FBF}
	EndGlobalSection
EndGlobal
